
Microsoft Visual Studio Solution File, Format Version 12.00
# Visual Studio Version 17
VisualStudioVersion = 17.6.33723.286
MinimumVisualStudioVersion = 10.0.40219.1
Project("{FAE04EC0-301F-11D3-BF4B-00C04F79EFBC}") = "DetectionTool", "DetectionTool\DetectionTool.csproj", "{7070D53E-1E0D-4F5C-92A4-0244A412AC66}"
EndProject
Project("{9A19103F-16F7-4668-BE54-9A1E7A4F7556}") = "DetectionTool.Console", "DetectionTool.Console\DetectionTool.Console.csproj", "{09DE4A22-9B2A-4EC6-B044-A46C9491D705}"
EndProject
Project("{9A19103F-16F7-4668-BE54-9A1E7A4F7556}") = "DetectionTool.Core", "DetectionTool.Core\DetectionTool.Core.csproj", "{B4ACEB03-8F74-4BE6-B4D9-7C78C07B8C84}"
EndProject
Project("{9A19103F-16F7-4668-BE54-9A1E7A4F7556}") = "DetectionTool.Linux", "DetectionTool.Linux\DetectionTool.Linux.csproj", "{186957D5-60F3-4153-8477-7C7E625AE27B}"
EndProject
Global
	GlobalSection(SolutionConfigurationPlatforms) = preSolution
		Debug|Any CPU = Debug|Any CPU
		Release|Any CPU = Release|Any CPU
	EndGlobalSection
	GlobalSection(ProjectConfigurationPlatforms) = postSolution
		{7070D53E-1E0D-4F5C-92A4-0244A412AC66}.Debug|Any CPU.ActiveCfg = Debug|Any CPU
		{7070D53E-1E0D-4F5C-92A4-0244A412AC66}.Debug|Any CPU.Build.0 = Debug|Any CPU
		{7070D53E-1E0D-4F5C-92A4-0244A412AC66}.Release|Any CPU.ActiveCfg = Release|Any CPU
		{7070D53E-1E0D-4F5C-92A4-0244A412AC66}.Release|Any CPU.Build.0 = Release|Any CPU
		{09DE4A22-9B2A-4EC6-B044-A46C9491D705}.Debug|Any CPU.ActiveCfg = Debug|Any CPU
		{09DE4A22-9B2A-4EC6-B044-A46C9491D705}.Debug|Any CPU.Build.0 = Debug|Any CPU
		{09DE4A22-9B2A-4EC6-B044-A46C9491D705}.Release|Any CPU.ActiveCfg = Release|Any CPU
		{09DE4A22-9B2A-4EC6-B044-A46C9491D705}.Release|Any CPU.Build.0 = Release|Any CPU
		{B4ACEB03-8F74-4BE6-B4D9-7C78C07B8C84}.Debug|Any CPU.ActiveCfg = Debug|Any CPU
		{B4ACEB03-8F74-4BE6-B4D9-7C78C07B8C84}.Debug|Any CPU.Build.0 = Debug|Any CPU
		{B4ACEB03-8F74-4BE6-B4D9-7C78C07B8C84}.Release|Any CPU.ActiveCfg = Release|Any CPU
		{B4ACEB03-8F74-4BE6-B4D9-7C78C07B8C84}.Release|Any CPU.Build.0 = Release|Any CPU
		{186957D5-60F3-4153-8477-7C7E625AE27B}.Debug|Any CPU.ActiveCfg = Debug|Any CPU
		{186957D5-60F3-4153-8477-7C7E625AE27B}.Debug|Any CPU.Build.0 = Debug|Any CPU
		{186957D5-60F3-4153-8477-7C7E625AE27B}.Release|Any CPU.ActiveCfg = Release|Any CPU
		{186957D5-60F3-4153-8477-7C7E625AE27B}.Release|Any CPU.Build.0 = Release|Any CPU
	EndGlobalSection
	GlobalSection(SolutionProperties) = preSolution
		HideSolutionNode = FALSE
	EndGlobalSection
	GlobalSection(ExtensibilityGlobals) = postSolution
		SolutionGuid = {4B921604-68FF-45F6-A7DA-FE84E0ECBC9F}
	EndGlobalSection
EndGlobal
